
Microsoft Visual Studio Solution File, Format Version 12.00
# Visual Studio Version 16
VisualStudioVersion = 16.0.30330.147
MinimumVisualStudioVersion = 10.0.40219.1
Project("{9A19103F-16F7-4668-BE54-9A1E7A4F7556}") = "Rainbow.DapperExtensions", "Rainbow.DapperExtensions\Rainbow.DapperExtensions.csproj", "{FB904CC3-EB4D-46C7-9141-FE5C937AC657}"
EndProject
Project("{9A19103F-16F7-4668-BE54-9A1E7A4F7556}") = "Rainbow.DapperExtensions.Tests", "Rainbow.DapperExtensions.Tests\Rainbow.DapperExtensions.Tests.csproj", "{3C50D883-6425-4530-AAC4-F9207B841F9A}"
EndProject
Global
	GlobalSection(SolutionConfigurationPlatforms) = preSolution
		Debug|Any CPU = Debug|Any CPU
		Release|Any CPU = Release|Any CPU
	EndGlobalSection
	GlobalSection(ProjectConfigurationPlatforms) = postSolution
		{FB904CC3-EB4D-46C7-9141-FE5C937AC657}.Debug|Any CPU.ActiveCfg = Debug|Any CPU
		{FB904CC3-EB4D-46C7-9141-FE5C937AC657}.Debug|Any CPU.Build.0 = Debug|Any CPU
		{FB904CC3-EB4D-46C7-9141-FE5C937AC657}.Release|Any CPU.ActiveCfg = Release|Any CPU
		{FB904CC3-EB4D-46C7-9141-FE5C937AC657}.Release|Any CPU.Build.0 = Release|Any CPU
		{3C50D883-6425-4530-AAC4-F9207B841F9A}.Debug|Any CPU.ActiveCfg = Debug|Any CPU
		{3C50D883-6425-4530-AAC4-F9207B841F9A}.Debug|Any CPU.Build.0 = Debug|Any CPU
		{3C50D883-6425-4530-AAC4-F9207B841F9A}.Release|Any CPU.ActiveCfg = Release|Any CPU
		{3C50D883-6425-4530-AAC4-F9207B841F9A}.Release|Any CPU.Build.0 = Release|Any CPU
	EndGlobalSection
	GlobalSection(SolutionProperties) = preSolution
		HideSolutionNode = FALSE
	EndGlobalSection
	GlobalSection(ExtensibilityGlobals) = postSolution
		SolutionGuid = {4232AE9C-7859-4ACD-95D3-2DF610499FFD}
	EndGlobalSection
EndGlobal
